{
  "name": "soar-hr-org-chart",
  "version": "1.0.0",
  "lockfileVersion": 1,
  "requires": true,
  "dependencies": {
    "@types/google.visualization": {
      "version": "0.0.43",
      "resolved": "https://registry.npmjs.org/@types/google.visualization/-/google.visualization-0.0.43.tgz",
      "integrity": "sha512-SmQWGJ4UykOzChj+AVo5JB8vC0hDnI3hUT6auRD34mnyO/s9ll1i4cT1hSmng3ZXbxG7qAdOctNElOpD9xqJZQ==",
      "dev": true
    }
  }
}
